
Microsoft Visual Studio Solution File, Format Version 12.00
# Visual Studio 2013
VisualStudioVersion = 12.0.40629.0
MinimumVisualStudioVersion = 10.0.40219.1
Project("{FAE04EC0-301F-11D3-BF4B-00C04F79EFBC}") = "ICSharpCode.App", "ICSharpCode.App\ICSharpCode.App.csproj", "{3961E6FF-E3BF-4F6C-8444-4CFBFFC4DE31}"
EndProject
Project("{FAE04EC0-301F-11D3-BF4B-00C04F79EFBC}") = "ICSharpCode.Demo", "ICSharpCode.Demo\ICSharpCode.Demo.csproj", "{392288D6-05F8-4781-B524-04201AD6F676}"
EndProject
Global
	GlobalSection(SolutionConfigurationPlatforms) = preSolution
		Debug|Any CPU = Debug|Any CPU
		Release|Any CPU = Release|Any CPU
	EndGlobalSection
	GlobalSection(ProjectConfigurationPlatforms) = postSolution
		{3961E6FF-E3BF-4F6C-8444-4CFBFFC4DE31}.Debug|Any CPU.ActiveCfg = Debug|Any CPU
		{3961E6FF-E3BF-4F6C-8444-4CFBFFC4DE31}.Debug|Any CPU.Build.0 = Debug|Any CPU
		{3961E6FF-E3BF-4F6C-8444-4CFBFFC4DE31}.Release|Any CPU.ActiveCfg = Release|Any CPU
		{3961E6FF-E3BF-4F6C-8444-4CFBFFC4DE31}.Release|Any CPU.Build.0 = Release|Any CPU
		{392288D6-05F8-4781-B524-04201AD6F676}.Debug|Any CPU.ActiveCfg = Debug|Any CPU
		{392288D6-05F8-4781-B524-04201AD6F676}.Debug|Any CPU.Build.0 = Debug|Any CPU
		{392288D6-05F8-4781-B524-04201AD6F676}.Release|Any CPU.ActiveCfg = Release|Any CPU
		{392288D6-05F8-4781-B524-04201AD6F676}.Release|Any CPU.Build.0 = Release|Any CPU
	EndGlobalSection
	GlobalSection(SolutionProperties) = preSolution
		HideSolutionNode = FALSE
	EndGlobalSection
EndGlobal
